PODS:
  - Koala-iOS (2.0.0)

DEPENDENCIES:
  - Koala-iOS (from `https://raw.githubusercontent.com/Picovoice/koala/v2.0-ios/binding/ios/Koala-iOS.podspec`)

EXTERNAL SOURCES:
  Koala-iOS:
    :podspec: https://raw.githubusercontent.com/Picovoice/koala/v2.0-ios/binding/ios/Koala-iOS.podspec

CHECKOUT OPTIONS:
  Koala-iOS:
    :commit: c6fea1422fb2447602564b834833cc3542e04809
    :git: https://github.com/Picovoice/koala.git

SPEC CHECKSUMS:
  Koala-iOS: 865994d8e18b03854f2b933ec9645915ba95f189

PODFILE CHECKSUM: aa02120478c1d3dd9e8085db3379479143edbc02

COCOAPODS: 1.11.3
