PODS:
  - ios-voice-processor (1.1.0)
  - Koala-iOS (2.0.0)

DEPENDENCIES:
  - ios-voice-processor (~> 1.1.0)
  - Koala-iOS (from `https://raw.githubusercontent.com/Picovoice/koala/v2.0/binding/ios/Koala-iOS.podspec`)

SPEC REPOS:
  trunk:
    - ios-voice-processor

EXTERNAL SOURCES:
  Koala-iOS:
    :podspec: https://raw.githubusercontent.com/Picovoice/koala/v2.0/binding/ios/Koala-iOS.podspec

CHECKOUT OPTIONS:
  Koala-iOS:
    :commit: 9ea3024bbf5a91ad3ec558d23c64c936bcebf623
    :git: https://github.com/Picovoice/koala.git

SPEC CHECKSUMS:
  ios-voice-processor: 8e32d7f980a06d392d128ef1cd19cf6ddcaca3c1
  Koala-iOS: c5190ec400b672d5a363593e224732bdb7cd3afb

PODFILE CHECKSUM: 65beadb4e5a0c4d4e33a9c747318d401315106c2

COCOAPODS: 1.11.3
